{
  "name": "milans-website",
  "version": "1.0.0",
  "lockfileVersion": 2,
  "requires": true,
  "packages": {
    "": {
      "name": "milans-website",
      "version": "1.0.0",
      "license": "ISC",
      "dependencies": {
        "@website/app": "file:packages/app"
      }
    },
    "node_modules/@website/app": {
      "resolved": "packages/app",
      "link": true
    },
    "packages/app": {
      "name": "rust",
      "version": "0.1.0"
    }
  },
  "dependencies": {
    "@website/app": {
      "version": "file:packages/app"
    }
  }
}
